
Microsoft Visual Studio Solution File, Format Version 12.00
# Visual Studio Version 17
VisualStudioVersion = 17.9.34723.18
MinimumVisualStudioVersion = 10.0.40219.1
Project("{9A19103F-16F7-4668-BE54-9A1E7A4F7556}") = "KodolasDekodolasProjekt", "KodolasDekodolasProjekt.csproj", "{3B245FE7-8408-44D7-8FA5-48EB5BD76E31}"
EndProject
Project("{2150E333-8FDC-42A3-9474-1A3956D46DE8}") = "Solution Items", "Solution Items", "{5A2C79A8-3BB1-4765-B6CE-98518FF4AA89}"
	ProjectSection(SolutionItems) = preProject
		mintakodolas.jpg = mintakodolas.jpg
		..\README.md = ..\README.md
	EndProjectSection
EndProject
Global
	GlobalSection(SolutionConfigurationPlatforms) = preSolution
		Debug|Any CPU = Debug|Any CPU
		Release|Any CPU = Release|Any CPU
	EndGlobalSection
	GlobalSection(ProjectConfigurationPlatforms) = postSolution
		{3B245FE7-8408-44D7-8FA5-48EB5BD76E31}.Debug|Any CPU.ActiveCfg = Debug|Any CPU
		{3B245FE7-8408-44D7-8FA5-48EB5BD76E31}.Debug|Any CPU.Build.0 = Debug|Any CPU
		{3B245FE7-8408-44D7-8FA5-48EB5BD76E31}.Release|Any CPU.ActiveCfg = Release|Any CPU
		{3B245FE7-8408-44D7-8FA5-48EB5BD76E31}.Release|Any CPU.Build.0 = Release|Any CPU
	EndGlobalSection
	GlobalSection(SolutionProperties) = preSolution
		HideSolutionNode = FALSE
	EndGlobalSection
	GlobalSection(ExtensibilityGlobals) = postSolution
		SolutionGuid = {67CCE0C1-9458-4C84-89FE-7EF8C1567792}
	EndGlobalSection
EndGlobal
